
Microsoft Visual Studio Solution File, Format Version 12.00
# Visual Studio Version 17
VisualStudioVersion = 17.6.33712.159
MinimumVisualStudioVersion = 10.0.40219.1
Project("{9A19103F-16F7-4668-BE54-9A1E7A4F7556}") = "MenuList", "MenuList\MenuList.csproj", "{D0C3428F-5DEA-4600-A154-CF0B51C8C9ED}"
EndProject
Project("{FAE04EC0-301F-11D3-BF4B-00C04F79EFBC}") = "Entity", "Entity\Entity.csproj", "{DF65818A-BBFA-4070-AABF-D39CFBFA73CE}"
EndProject
Global
	GlobalSection(SolutionConfigurationPlatforms) = preSolution
		Debug|Any CPU = Debug|Any CPU
		Release|Any CPU = Release|Any CPU
	EndGlobalSection
	GlobalSection(ProjectConfigurationPlatforms) = postSolution
		{D0C3428F-5DEA-4600-A154-CF0B51C8C9ED}.Debug|Any CPU.ActiveCfg = Debug|Any CPU
		{D0C3428F-5DEA-4600-A154-CF0B51C8C9ED}.Debug|Any CPU.Build.0 = Debug|Any CPU
		{D0C3428F-5DEA-4600-A154-CF0B51C8C9ED}.Release|Any CPU.ActiveCfg = Release|Any CPU
		{D0C3428F-5DEA-4600-A154-CF0B51C8C9ED}.Release|Any CPU.Build.0 = Release|Any CPU
		{DF65818A-BBFA-4070-AABF-D39CFBFA73CE}.Debug|Any CPU.ActiveCfg = Debug|Any CPU
		{DF65818A-BBFA-4070-AABF-D39CFBFA73CE}.Debug|Any CPU.Build.0 = Debug|Any CPU
		{DF65818A-BBFA-4070-AABF-D39CFBFA73CE}.Release|Any CPU.ActiveCfg = Release|Any CPU
		{DF65818A-BBFA-4070-AABF-D39CFBFA73CE}.Release|Any CPU.Build.0 = Release|Any CPU
	EndGlobalSection
	GlobalSection(SolutionProperties) = preSolution
		HideSolutionNode = FALSE
	EndGlobalSection
	GlobalSection(ExtensibilityGlobals) = postSolution
		SolutionGuid = {77A4B842-C5B4-4282-9350-7FD06B8AF13B}
	EndGlobalSection
EndGlobal
